// !$*UTF8*$!
{
	archiveVersion = 1;
	classes = {
	};
	objectVersion = 56;
	objects = {

/* Begin PBXBuildFile section */
		016FC20D6ADFB7F8BBCF80B5 /* UltraWide/Camera/MotionTracker.swift in Sources */ = {isa = PBXBuildFile; fileRef = E544A91005CB8885F9E318AA /* UltraWide/Camera/MotionTracker.swift */; };
		021C901C3AE105CD59F024B5 /* UltraWide/App/UltraWideApp.swift in Sources */ = {isa = PBXBuildFile; fileRef = 3578939A3710B7DBFC3DF628 /* UltraWide/App/UltraWideApp.swift */; };
		1307E39A6851DFC8B130766C /* UltraWideUITests/CaptureFlowTests.swift in Sources */ = {isa = PBXBuildFile; fileRef = D90E14A7DF7519F5E632106E /* UltraWideUITests/CaptureFlowTests.swift */; };
		13753101FEDF03E2409EF694 /* UltraWide/Views/ResultView.swift in Sources */ = {isa = PBXBuildFile; fileRef = 9CF2939306354DFEBC105B6E /* UltraWide/Views/ResultView.swift */; };
		1728A3E98AA9D7B982BB3093 /* UltraWide/Camera/CameraService.swift in Sources */ = {isa = PBXBuildFile; fileRef = F127B5B2C71D0FC83E2F2185 /* UltraWide/Camera/CameraService.swift */; };
		21DBBA4203E58F4AAA897DBF /* UltraWide/Camera/CaptureModel.swift in Sources */ = {isa = PBXBuildFile; fileRef = 3D3B544EABBA0140E9E78AFC /* UltraWide/Camera/CaptureModel.swift */; };
		35E0D48C249E80B5FB04CC44 /* UltraWideTests/PanoramaTests.swift in Sources */ = {isa = PBXBuildFile; fileRef = 9BC6DC7EF11318117935A116 /* UltraWideTests/PanoramaTests.swift */; };
		3B5B6FC8AEDCEF37C2B58BD8 /* UltraWide/Library/PanoramaLibrary.swift in Sources */ = {isa = PBXBuildFile; fileRef = 8B2339643DC14A5CF27101C1 /* UltraWide/Library/PanoramaLibrary.swift */; };
		3C674E6DAEFC85D2CF4C83C5 /* UltraWide/Resources/Assets.xcassets in Resources */ = {isa = PBXBuildFile; fileRef = D19386D84BC78B5BE5DB962C /* UltraWide/Resources/Assets.xcassets */; };
		3FF054BEA46F0884CE430E27 /* UltraWide/Views/LibraryView.swift in Sources */ = {isa = PBXBuildFile; fileRef = 221C5CC9EDEA124C89C0A672 /* UltraWide/Views/LibraryView.swift */; };
		5B0B6B91ECB8200A6C81B22D /* UltraWide/Imaging/PanoramaGeometry.swift in Sources */ = {isa = PBXBuildFile; fileRef = C8A179F88EC1C64FEFBC6800 /* UltraWide/Imaging/PanoramaGeometry.swift */; };
		8A745712D3C9ED8C347378FB /* UltraWide/Views/GuideView.swift in Sources */ = {isa = PBXBuildFile; fileRef = D4697639EBE27ABA78C5847A /* UltraWide/Views/GuideView.swift */; };
		B8A5CDECDD39E059F1F5A5B2 /* UltraWide/Imaging/PanoramaStitcher.swift in Sources */ = {isa = PBXBuildFile; fileRef = 4910F189500E27FC1A9B0679 /* UltraWide/Imaging/PanoramaStitcher.swift */; };
		C78D4F13A255DB8F3ED19A88 /* UltraWide/Resources/PrivacyInfo.xcprivacy in Resources */ = {isa = PBXBuildFile; fileRef = 75AC744A23345EE033E5C8B3 /* UltraWide/Resources/PrivacyInfo.xcprivacy */; };
		D1AA49C1F0A4FEB6ABE51E8A /* UltraWide/Camera/SweepTracker.swift in Sources */ = {isa = PBXBuildFile; fileRef = BE5C08437518E105C14BF480 /* UltraWide/Camera/SweepTracker.swift */; };
		D90EB51B34749869B2E2C26E /* UltraWide/Views/CameraView.swift in Sources */ = {isa = PBXBuildFile; fileRef = C7E9C453F64772C3798CA264 /* UltraWide/Views/CameraView.swift */; };
		DA3EDF2C17916093E4B614BE /* UltraWide/Imaging/DemoScene.swift in Sources */ = {isa = PBXBuildFile; fileRef = 2DE7ABEAD03EDBDDAEB65727 /* UltraWide/Imaging/DemoScene.swift */; };
		DBE276CE8ECD59B650DE0A41 /* UltraWide/Views/DesignSystem.swift in Sources */ = {isa = PBXBuildFile; fileRef = 9BF5BEBF1524C4B23068192B /* UltraWide/Views/DesignSystem.swift */; };
		DDF0807020BD5958FFE40D3D /* UltraWide/Views/CameraPreview.swift in Sources */ = {isa = PBXBuildFile; fileRef = EA86CE708FEE920BC16FE685 /* UltraWide/Views/CameraPreview.swift */; };
		FE1F745F99D2382C451B3C65 /* UltraWide/App/Models.swift in Sources */ = {isa = PBXBuildFile; fileRef = 74FD67F3A7FE14F8396CCB92 /* UltraWide/App/Models.swift */; };
/* End PBXBuildFile section */

/* Begin PBXContainerItemProxy section */
		7CD316AD6A14B105936BD2F7 /* PBXContainerItemProxy */ = {
			isa = PBXContainerItemProxy;
			containerPortal = 98F54143AB4E86B28C3AFEE0 /* Project object */;
			proxyType = 1;
			remoteGlobalIDString = 3C9B698F2ADD6A10CC5A3ABC;
			remoteInfo = UltraWide;
		};
		B99FF8470F21B57E13466C75 /* PBXContainerItemProxy */ = {
			isa = PBXContainerItemProxy;
			containerPortal = 98F54143AB4E86B28C3AFEE0 /* Project object */;
			proxyType = 1;
			remoteGlobalIDString = 3C9B698F2ADD6A10CC5A3ABC;
			remoteInfo = UltraWide;
		};
/* End PBXContainerItemProxy section */

/* Begin PBXFileReference section */
		221C5CC9EDEA124C89C0A672 /* UltraWide/Views/LibraryView.swift */ = {isa = PBXFileReference; lastKnownFileType = sourcecode.swift; path = UltraWide/Views/LibraryView.swift; sourceTree = SOURCE_ROOT; };
		2DE7ABEAD03EDBDDAEB65727 /* UltraWide/Imaging/DemoScene.swift */ = {isa = PBXFileReference; lastKnownFileType = sourcecode.swift; path = UltraWide/Imaging/DemoScene.swift; sourceTree = SOURCE_ROOT; };
		34155F4FA25A0ED7F9F62645 /* UltraWide.app */ = {isa = PBXFileReference; explicitFileType = wrapper.application; path = UltraWide.app; sourceTree = BUILT_PRODUCTS_DIR; };
		3578939A3710B7DBFC3DF628 /* UltraWide/App/UltraWideApp.swift */ = {isa = PBXFileReference; lastKnownFileType = sourcecode.swift; path = UltraWide/App/UltraWideApp.swift; sourceTree = SOURCE_ROOT; };
		3D3B544EABBA0140E9E78AFC /* UltraWide/Camera/CaptureModel.swift */ = {isa = PBXFileReference; lastKnownFileType = sourcecode.swift; path = UltraWide/Camera/CaptureModel.swift; sourceTree = SOURCE_ROOT; };
		48A8EFA6631A641FC407CBFE /* UltraWide/Resources/Info.plist */ = {isa = PBXFileReference; lastKnownFileType = text.plist.xml; path = UltraWide/Resources/Info.plist; sourceTree = SOURCE_ROOT; };
		4910F189500E27FC1A9B0679 /* UltraWide/Imaging/PanoramaStitcher.swift */ = {isa = PBXFileReference; lastKnownFileType = sourcecode.swift; path = UltraWide/Imaging/PanoramaStitcher.swift; sourceTree = SOURCE_ROOT; };
		74FD67F3A7FE14F8396CCB92 /* UltraWide/App/Models.swift */ = {isa = PBXFileReference; lastKnownFileType = sourcecode.swift; path = UltraWide/App/Models.swift; sourceTree = SOURCE_ROOT; };
		75AC744A23345EE033E5C8B3 /* UltraWide/Resources/PrivacyInfo.xcprivacy */ = {isa = PBXFileReference; lastKnownFileType = text.xml; path = UltraWide/Resources/PrivacyInfo.xcprivacy; sourceTree = SOURCE_ROOT; };
		8B2339643DC14A5CF27101C1 /* UltraWide/Library/PanoramaLibrary.swift */ = {isa = PBXFileReference; lastKnownFileType = sourcecode.swift; path = UltraWide/Library/PanoramaLibrary.swift; sourceTree = SOURCE_ROOT; };
		9BC6DC7EF11318117935A116 /* UltraWideTests/PanoramaTests.swift */ = {isa = PBXFileReference; lastKnownFileType = sourcecode.swift; path = UltraWideTests/PanoramaTests.swift; sourceTree = SOURCE_ROOT; };
		9BF5BEBF1524C4B23068192B /* UltraWide/Views/DesignSystem.swift */ = {isa = PBXFileReference; lastKnownFileType = sourcecode.swift; path = UltraWide/Views/DesignSystem.swift; sourceTree = SOURCE_ROOT; };
		9CF2939306354DFEBC105B6E /* UltraWide/Views/ResultView.swift */ = {isa = PBXFileReference; lastKnownFileType = sourcecode.swift; path = UltraWide/Views/ResultView.swift; sourceTree = SOURCE_ROOT; };
		B2E376B7A88AF95E3E24BF02 /* UltraWideTests.xctest */ = {isa = PBXFileReference; explicitFileType = wrapper.cfbundle; path = UltraWideTests.xctest; sourceTree = BUILT_PRODUCTS_DIR; };
		BE5C08437518E105C14BF480 /* UltraWide/Camera/SweepTracker.swift */ = {isa = PBXFileReference; lastKnownFileType = sourcecode.swift; path = UltraWide/Camera/SweepTracker.swift; sourceTree = SOURCE_ROOT; };
		C7E9C453F64772C3798CA264 /* UltraWide/Views/CameraView.swift */ = {isa = PBXFileReference; lastKnownFileType = sourcecode.swift; path = UltraWide/Views/CameraView.swift; sourceTree = SOURCE_ROOT; };
		C8A179F88EC1C64FEFBC6800 /* UltraWide/Imaging/PanoramaGeometry.swift */ = {isa = PBXFileReference; lastKnownFileType = sourcecode.swift; path = UltraWide/Imaging/PanoramaGeometry.swift; sourceTree = SOURCE_ROOT; };
		D19386D84BC78B5BE5DB962C /* UltraWide/Resources/Assets.xcassets */ = {isa = PBXFileReference; lastKnownFileType = folder.assetcatalog; path = UltraWide/Resources/Assets.xcassets; sourceTree = SOURCE_ROOT; };
		D4697639EBE27ABA78C5847A /* UltraWide/Views/GuideView.swift */ = {isa = PBXFileReference; lastKnownFileType = sourcecode.swift; path = UltraWide/Views/GuideView.swift; sourceTree = SOURCE_ROOT; };
		D90E14A7DF7519F5E632106E /* UltraWideUITests/CaptureFlowTests.swift */ = {isa = PBXFileReference; lastKnownFileType = sourcecode.swift; path = UltraWideUITests/CaptureFlowTests.swift; sourceTree = SOURCE_ROOT; };
		E544A91005CB8885F9E318AA /* UltraWide/Camera/MotionTracker.swift */ = {isa = PBXFileReference; lastKnownFileType = sourcecode.swift; path = UltraWide/Camera/MotionTracker.swift; sourceTree = SOURCE_ROOT; };
		E5DEBBA823109CC2482F7F81 /* UltraWideUITests.xctest */ = {isa = PBXFileReference; explicitFileType = wrapper.cfbundle; path = UltraWideUITests.xctest; sourceTree = BUILT_PRODUCTS_DIR; };
		EA86CE708FEE920BC16FE685 /* UltraWide/Views/CameraPreview.swift */ = {isa = PBXFileReference; lastKnownFileType = sourcecode.swift; path = UltraWide/Views/CameraPreview.swift; sourceTree = SOURCE_ROOT; };
		F127B5B2C71D0FC83E2F2185 /* UltraWide/Camera/CameraService.swift */ = {isa = PBXFileReference; lastKnownFileType = sourcecode.swift; path = UltraWide/Camera/CameraService.swift; sourceTree = SOURCE_ROOT; };
/* End PBXFileReference section */

/* Begin PBXFrameworksBuildPhase section */
		2D1BFDB886711186C659341F /* Frameworks */ = {
			isa = PBXFrameworksBuildPhase;
			buildActionMask = 2147483647;
			files = (
			);
			runOnlyForDeploymentPostprocessing = 0;
		};
		B5EA1A85C9DAFBC7641452A0 /* Frameworks */ = {
			isa = PBXFrameworksBuildPhase;
			buildActionMask = 2147483647;
			files = (
			);
			runOnlyForDeploymentPostprocessing = 0;
		};
		C14723A11385BDB1E5410C1A /* Frameworks */ = {
			isa = PBXFrameworksBuildPhase;
			buildActionMask = 2147483647;
			files = (
			);
			runOnlyForDeploymentPostprocessing = 0;
		};
/* End PBXFrameworksBuildPhase section */

/* Begin PBXGroup section */
		76B251D67ADF7D8283BFD5C7 /* UltraWideUITests */ = {
			isa = PBXGroup;
			children = (
				D90E14A7DF7519F5E632106E /* UltraWideUITests/CaptureFlowTests.swift */,
			);
			name = UltraWideUITests;
			sourceTree = "<group>";
		};
		B28B7AF69320201D1CF206EB = {
			isa = PBXGroup;
			children = (
				D840989CB8FD10E176902F34 /* UltraWide */,
				D68E798FAB29CAAF4506984A /* UltraWideTests */,
				76B251D67ADF7D8283BFD5C7 /* UltraWideUITests */,
				FBDC4F23F93125BBEEAE800C /* Products */,
			);
			sourceTree = "<group>";
		};
		D68E798FAB29CAAF4506984A /* UltraWideTests */ = {
			isa = PBXGroup;
			children = (
				9BC6DC7EF11318117935A116 /* UltraWideTests/PanoramaTests.swift */,
			);
			name = UltraWideTests;
			sourceTree = "<group>";
		};
		D840989CB8FD10E176902F34 /* UltraWide */ = {
			isa = PBXGroup;
			children = (
				74FD67F3A7FE14F8396CCB92 /* UltraWide/App/Models.swift */,
				3578939A3710B7DBFC3DF628 /* UltraWide/App/UltraWideApp.swift */,
				F127B5B2C71D0FC83E2F2185 /* UltraWide/Camera/CameraService.swift */,
				3D3B544EABBA0140E9E78AFC /* UltraWide/Camera/CaptureModel.swift */,
				E544A91005CB8885F9E318AA /* UltraWide/Camera/MotionTracker.swift */,
				BE5C08437518E105C14BF480 /* UltraWide/Camera/SweepTracker.swift */,
				2DE7ABEAD03EDBDDAEB65727 /* UltraWide/Imaging/DemoScene.swift */,
				C8A179F88EC1C64FEFBC6800 /* UltraWide/Imaging/PanoramaGeometry.swift */,
				4910F189500E27FC1A9B0679 /* UltraWide/Imaging/PanoramaStitcher.swift */,
				8B2339643DC14A5CF27101C1 /* UltraWide/Library/PanoramaLibrary.swift */,
				EA86CE708FEE920BC16FE685 /* UltraWide/Views/CameraPreview.swift */,
				C7E9C453F64772C3798CA264 /* UltraWide/Views/CameraView.swift */,
				9BF5BEBF1524C4B23068192B /* UltraWide/Views/DesignSystem.swift */,
				D4697639EBE27ABA78C5847A /* UltraWide/Views/GuideView.swift */,
				221C5CC9EDEA124C89C0A672 /* UltraWide/Views/LibraryView.swift */,
				9CF2939306354DFEBC105B6E /* UltraWide/Views/ResultView.swift */,
				D19386D84BC78B5BE5DB962C /* UltraWide/Resources/Assets.xcassets */,
				75AC744A23345EE033E5C8B3 /* UltraWide/Resources/PrivacyInfo.xcprivacy */,
				48A8EFA6631A641FC407CBFE /* UltraWide/Resources/Info.plist */,
			);
			name = UltraWide;
			sourceTree = "<group>";
		};
		FBDC4F23F93125BBEEAE800C /* Products */ = {
			isa = PBXGroup;
			children = (
				34155F4FA25A0ED7F9F62645 /* UltraWide.app */,
				B2E376B7A88AF95E3E24BF02 /* UltraWideTests.xctest */,
				E5DEBBA823109CC2482F7F81 /* UltraWideUITests.xctest */,
			);
			name = Products;
			sourceTree = "<group>";
		};
/* End PBXGroup section */

/* Begin PBXNativeTarget section */
		3C9B698F2ADD6A10CC5A3ABC /* UltraWide */ = {
			isa = PBXNativeTarget;
			buildConfigurationList = B032C2933B6D3ACF69B05D8B /* Build configuration list for PBXNativeTarget "UltraWide" */;
			buildPhases = (
				60C5BD3251E428E569E101DC /* Sources */,
				B5EA1A85C9DAFBC7641452A0 /* Frameworks */,
				2268A8D4BE02A19E7F997652 /* Resources */,
			);
			buildRules = (
			);
			dependencies = (
			);
			name = UltraWide;
			productName = UltraWide;
			productReference = 34155F4FA25A0ED7F9F62645 /* UltraWide.app */;
			productType = "com.apple.product-type.application";
		};
		B1F8AEF7EFA296ACB78DA916 /* UltraWideTests */ = {
			isa = PBXNativeTarget;
			buildConfigurationList = 1873624D9EFCA61E6171E2EC /* Build configuration list for PBXNativeTarget "UltraWideTests" */;
			buildPhases = (
				A46A3E406537D1827F8ECB46 /* Sources */,
				C14723A11385BDB1E5410C1A /* Frameworks */,
				D693426CA0894E414DA4FE08 /* Resources */,
			);
			buildRules = (
			);
			dependencies = (
				9FA572508B58A87EE5DD8436 /* PBXTargetDependency */,
			);
			name = UltraWideTests;
			productName = UltraWideTests;
			productReference = B2E376B7A88AF95E3E24BF02 /* UltraWideTests.xctest */;
			productType = "com.apple.product-type.bundle.unit-test";
		};
		C95B93EA44CB419CD270920B /* UltraWideUITests */ = {
			isa = PBXNativeTarget;
			buildConfigurationList = 376523A73B00F2FB6B740578 /* Build configuration list for PBXNativeTarget "UltraWideUITests" */;
			buildPhases = (
				04D79E8901FCEC78BB8B5438 /* Sources */,
				2D1BFDB886711186C659341F /* Frameworks */,
				1E928CCFC11CB49C1260E543 /* Resources */,
			);
			buildRules = (
			);
			dependencies = (
				69395919B0F8BCA27D3486DA /* PBXTargetDependency */,
			);
			name = UltraWideUITests;
			productName = UltraWideUITests;
			productReference = E5DEBBA823109CC2482F7F81 /* UltraWideUITests.xctest */;
			productType = "com.apple.product-type.bundle.ui-testing";
		};
/* End PBXNativeTarget section */

/* Begin PBXProject section */
		98F54143AB4E86B28C3AFEE0 /* Project object */ = {
			isa = PBXProject;
			attributes = {
				BuildIndependentTargetsInParallel = YES;
				LastUpgradeCheck = 2700;
			};
			buildConfigurationList = 862894B703A6DEDF96A9DD6C /* Build configuration list for PBXProject "UltraWide" */;
			compatibilityVersion = "Xcode 14.0";
			developmentRegion = fr;
			hasScannedForEncodings = 0;
			knownRegions = (
				fr,
				en,
				Base,
			);
			mainGroup = B28B7AF69320201D1CF206EB;
			productRefGroup = FBDC4F23F93125BBEEAE800C /* Products */;
			projectDirPath = "";
			projectRoot = "";
			targets = (
				3C9B698F2ADD6A10CC5A3ABC /* UltraWide */,
				B1F8AEF7EFA296ACB78DA916 /* UltraWideTests */,
				C95B93EA44CB419CD270920B /* UltraWideUITests */,
			);
		};
/* End PBXProject section */

/* Begin PBXResourcesBuildPhase section */
		1E928CCFC11CB49C1260E543 /* Resources */ = {
			isa = PBXResourcesBuildPhase;
			buildActionMask = 2147483647;
			files = (
			);
			runOnlyForDeploymentPostprocessing = 0;
		};
		2268A8D4BE02A19E7F997652 /* Resources */ = {
			isa = PBXResourcesBuildPhase;
			buildActionMask = 2147483647;
			files = (
				3C674E6DAEFC85D2CF4C83C5 /* UltraWide/Resources/Assets.xcassets in Resources */,
				C78D4F13A255DB8F3ED19A88 /* UltraWide/Resources/PrivacyInfo.xcprivacy in Resources */,
			);
			runOnlyForDeploymentPostprocessing = 0;
		};
		D693426CA0894E414DA4FE08 /* Resources */ = {
			isa = PBXResourcesBuildPhase;
			buildActionMask = 2147483647;
			files = (
			);
			runOnlyForDeploymentPostprocessing = 0;
		};
/* End PBXResourcesBuildPhase section */

/* Begin PBXSourcesBuildPhase section */
		04D79E8901FCEC78BB8B5438 /* Sources */ = {
			isa = PBXSourcesBuildPhase;
			buildActionMask = 2147483647;
			files = (
				1307E39A6851DFC8B130766C /* UltraWideUITests/CaptureFlowTests.swift in Sources */,
			);
			runOnlyForDeploymentPostprocessing = 0;
		};
		60C5BD3251E428E569E101DC /* Sources */ = {
			isa = PBXSourcesBuildPhase;
			buildActionMask = 2147483647;
			files = (
				FE1F745F99D2382C451B3C65 /* UltraWide/App/Models.swift in Sources */,
				021C901C3AE105CD59F024B5 /* UltraWide/App/UltraWideApp.swift in Sources */,
				1728A3E98AA9D7B982BB3093 /* UltraWide/Camera/CameraService.swift in Sources */,
				21DBBA4203E58F4AAA897DBF /* UltraWide/Camera/CaptureModel.swift in Sources */,
				016FC20D6ADFB7F8BBCF80B5 /* UltraWide/Camera/MotionTracker.swift in Sources */,
				D1AA49C1F0A4FEB6ABE51E8A /* UltraWide/Camera/SweepTracker.swift in Sources */,
				DA3EDF2C17916093E4B614BE /* UltraWide/Imaging/DemoScene.swift in Sources */,
				5B0B6B91ECB8200A6C81B22D /* UltraWide/Imaging/PanoramaGeometry.swift in Sources */,
				B8A5CDECDD39E059F1F5A5B2 /* UltraWide/Imaging/PanoramaStitcher.swift in Sources */,
				3B5B6FC8AEDCEF37C2B58BD8 /* UltraWide/Library/PanoramaLibrary.swift in Sources */,
				DDF0807020BD5958FFE40D3D /* UltraWide/Views/CameraPreview.swift in Sources */,
				D90EB51B34749869B2E2C26E /* UltraWide/Views/CameraView.swift in Sources */,
				DBE276CE8ECD59B650DE0A41 /* UltraWide/Views/DesignSystem.swift in Sources */,
				8A745712D3C9ED8C347378FB /* UltraWide/Views/GuideView.swift in Sources */,
				3FF054BEA46F0884CE430E27 /* UltraWide/Views/LibraryView.swift in Sources */,
				13753101FEDF03E2409EF694 /* UltraWide/Views/ResultView.swift in Sources */,
			);
			runOnlyForDeploymentPostprocessing = 0;
		};
		A46A3E406537D1827F8ECB46 /* Sources */ = {
			isa = PBXSourcesBuildPhase;
			buildActionMask = 2147483647;
			files = (
				35E0D48C249E80B5FB04CC44 /* UltraWideTests/PanoramaTests.swift in Sources */,
			);
			runOnlyForDeploymentPostprocessing = 0;
		};
/* End PBXSourcesBuildPhase section */

/* Begin PBXTargetDependency section */
		69395919B0F8BCA27D3486DA /* PBXTargetDependency */ = {
			isa = PBXTargetDependency;
			target = 3C9B698F2ADD6A10CC5A3ABC /* UltraWide */;
			targetProxy = B99FF8470F21B57E13466C75 /* PBXContainerItemProxy */;
		};
		9FA572508B58A87EE5DD8436 /* PBXTargetDependency */ = {
			isa = PBXTargetDependency;
			target = 3C9B698F2ADD6A10CC5A3ABC /* UltraWide */;
			targetProxy = 7CD316AD6A14B105936BD2F7 /* PBXContainerItemProxy */;
		};
/* End PBXTargetDependency section */

/* Begin XCBuildConfiguration section */
		5A9016527093981A42AB591E /* Debug */ = {
			isa = XCBuildConfiguration;
			buildSettings = {
				CODE_SIGN_STYLE = Automatic;
				GENERATE_INFOPLIST_FILE = YES;
				IPHONEOS_DEPLOYMENT_TARGET = 17.0;
				LD_RUNPATH_SEARCH_PATHS = (
					"$(inherited)",
					"@executable_path/Frameworks",
				);
				PRODUCT_BUNDLE_IDENTIFIER = com.ultrawide.ultrawideuitests;
				PRODUCT_NAME = "$(TARGET_NAME)";
				SWIFT_ACTIVE_COMPILATION_CONDITIONS = "DEBUG $(inherited)";
				SWIFT_STRICT_CONCURRENCY = targeted;
				SWIFT_VERSION = 5.0;
				TARGETED_DEVICE_FAMILY = 1;
				TEST_TARGET_NAME = UltraWide;
			};
			name = Debug;
		};
		7A57F5741E8F8E9D2B03BD92 /* Release */ = {
			isa = XCBuildConfiguration;
			buildSettings = {
				CODE_SIGN_STYLE = Automatic;
				GENERATE_INFOPLIST_FILE = YES;
				IPHONEOS_DEPLOYMENT_TARGET = 17.0;
				LD_RUNPATH_SEARCH_PATHS = (
					"$(inherited)",
					"@executable_path/Frameworks",
				);
				PRODUCT_BUNDLE_IDENTIFIER = com.ultrawide.ultrawideuitests;
				PRODUCT_NAME = "$(TARGET_NAME)";
				SWIFT_STRICT_CONCURRENCY = targeted;
				SWIFT_VERSION = 5.0;
				TARGETED_DEVICE_FAMILY = 1;
				TEST_TARGET_NAME = UltraWide;
			};
			name = Release;
		};
		7A7C74708E6F7D9E71F5A9B1 /* Debug */ = {
			isa = XCBuildConfiguration;
			buildSettings = {
				BUNDLE_LOADER = "$(TEST_HOST)";
				CODE_SIGN_STYLE = Automatic;
				GENERATE_INFOPLIST_FILE = YES;
				IPHONEOS_DEPLOYMENT_TARGET = 17.0;
				LD_RUNPATH_SEARCH_PATHS = (
					"$(inherited)",
					"@executable_path/Frameworks",
				);
				PRODUCT_BUNDLE_IDENTIFIER = com.ultrawide.ultrawidetests;
				PRODUCT_NAME = "$(TARGET_NAME)";
				SWIFT_ACTIVE_COMPILATION_CONDITIONS = "DEBUG $(inherited)";
				SWIFT_STRICT_CONCURRENCY = targeted;
				SWIFT_VERSION = 5.0;
				TARGETED_DEVICE_FAMILY = 1;
				TEST_HOST = "$(BUILT_PRODUCTS_DIR)/UltraWide.app/$(BUNDLE_EXECUTABLE_FOLDER_PATH)/UltraWide";
			};
			name = Debug;
		};
		89E1FD6268CC0F221A2BE178 /* Debug */ = {
			isa = XCBuildConfiguration;
			buildSettings = {
				CLANG_ENABLE_MODULES = YES;
				CLANG_ENABLE_OBJC_ARC = YES;
				DEBUG_INFORMATION_FORMAT = dwarf;
				ENABLE_TESTABILITY = YES;
				SDKROOT = iphoneos;
				SWIFT_OPTIMIZATION_LEVEL = "-Onone";
			};
			name = Debug;
		};
		CEDEF352759B5ECF7C994AF6 /* Release */ = {
			isa = XCBuildConfiguration;
			buildSettings = {
				ASSETCATALOG_COMPILER_APPICON_NAME = AppIcon;
				ASSETCATALOG_COMPILER_GLOBAL_ACCENT_COLOR_NAME = AccentColor;
				CODE_SIGN_STYLE = Automatic;
				CURRENT_PROJECT_VERSION = 1;
				DEVELOPMENT_TEAM = RVBY9CDKL4;
				GENERATE_INFOPLIST_FILE = NO;
				INFOPLIST_FILE = UltraWide/Resources/Info.plist;
				IPHONEOS_DEPLOYMENT_TARGET = 17.0;
				LD_RUNPATH_SEARCH_PATHS = (
					"$(inherited)",
					"@executable_path/Frameworks",
				);
				MARKETING_VERSION = 1.0;
				PRODUCT_BUNDLE_IDENTIFIER = com.ultrawide.camera;
				PRODUCT_NAME = "$(TARGET_NAME)";
				SUPPORTS_MACCATALYST = NO;
				SUPPORTS_MAC_DESIGNED_FOR_IPHONE_IPAD = NO;
				SUPPORTS_XR_DESIGNED_FOR_IPHONE_IPAD = NO;
				SWIFT_STRICT_CONCURRENCY = targeted;
				SWIFT_VERSION = 5.0;
				TARGETED_DEVICE_FAMILY = 1;
			};
			name = Release;
		};
		E41486E196CB6F7710B86379 /* Release */ = {
			isa = XCBuildConfiguration;
			buildSettings = {
				BUNDLE_LOADER = "$(TEST_HOST)";
				CODE_SIGN_STYLE = Automatic;
				GENERATE_INFOPLIST_FILE = YES;
				IPHONEOS_DEPLOYMENT_TARGET = 17.0;
				LD_RUNPATH_SEARCH_PATHS = (
					"$(inherited)",
					"@executable_path/Frameworks",
				);
				PRODUCT_BUNDLE_IDENTIFIER = com.ultrawide.ultrawidetests;
				PRODUCT_NAME = "$(TARGET_NAME)";
				SWIFT_STRICT_CONCURRENCY = targeted;
				SWIFT_VERSION = 5.0;
				TARGETED_DEVICE_FAMILY = 1;
				TEST_HOST = "$(BUILT_PRODUCTS_DIR)/UltraWide.app/$(BUNDLE_EXECUTABLE_FOLDER_PATH)/UltraWide";
			};
			name = Release;
		};
		E6DE6C99132752C914FEF632 /* Release */ = {
			isa = XCBuildConfiguration;
			buildSettings = {
				CLANG_ENABLE_MODULES = YES;
				CLANG_ENABLE_OBJC_ARC = YES;
				DEBUG_INFORMATION_FORMAT = "dwarf-with-dsym";
				ENABLE_TESTABILITY = NO;
				SDKROOT = iphoneos;
				SWIFT_OPTIMIZATION_LEVEL = "-O";
			};
			name = Release;
		};
		F1627543D40FC0E817CE5B29 /* Debug */ = {
			isa = XCBuildConfiguration;
			buildSettings = {
				ASSETCATALOG_COMPILER_APPICON_NAME = AppIcon;
				ASSETCATALOG_COMPILER_GLOBAL_ACCENT_COLOR_NAME = AccentColor;
				CODE_SIGN_STYLE = Automatic;
				CURRENT_PROJECT_VERSION = 1;
				DEVELOPMENT_TEAM = RVBY9CDKL4;
				GENERATE_INFOPLIST_FILE = NO;
				INFOPLIST_FILE = UltraWide/Resources/Info.plist;
				IPHONEOS_DEPLOYMENT_TARGET = 17.0;
				LD_RUNPATH_SEARCH_PATHS = (
					"$(inherited)",
					"@executable_path/Frameworks",
				);
				MARKETING_VERSION = 1.0;
				PRODUCT_BUNDLE_IDENTIFIER = com.ultrawide.camera;
				PRODUCT_NAME = "$(TARGET_NAME)";
				SUPPORTS_MACCATALYST = NO;
				SUPPORTS_MAC_DESIGNED_FOR_IPHONE_IPAD = NO;
				SUPPORTS_XR_DESIGNED_FOR_IPHONE_IPAD = NO;
				SWIFT_ACTIVE_COMPILATION_CONDITIONS = "DEBUG $(inherited)";
				SWIFT_STRICT_CONCURRENCY = targeted;
				SWIFT_VERSION = 5.0;
				TARGETED_DEVICE_FAMILY = 1;
			};
			name = Debug;
		};
/* End XCBuildConfiguration section */

/* Begin XCConfigurationList section */
		1873624D9EFCA61E6171E2EC /* Build configuration list for PBXNativeTarget "UltraWideTests" */ = {
			isa = XCConfigurationList;
			buildConfigurations = (
				7A7C74708E6F7D9E71F5A9B1 /* Debug */,
				E41486E196CB6F7710B86379 /* Release */,
			);
			defaultConfigurationIsVisible = 0;
			defaultConfigurationName = Release;
		};
		376523A73B00F2FB6B740578 /* Build configuration list for PBXNativeTarget "UltraWideUITests" */ = {
			isa = XCConfigurationList;
			buildConfigurations = (
				5A9016527093981A42AB591E /* Debug */,
				7A57F5741E8F8E9D2B03BD92 /* Release */,
			);
			defaultConfigurationIsVisible = 0;
			defaultConfigurationName = Release;
		};
		862894B703A6DEDF96A9DD6C /* Build configuration list for PBXProject "UltraWide" */ = {
			isa = XCConfigurationList;
			buildConfigurations = (
				89E1FD6268CC0F221A2BE178 /* Debug */,
				E6DE6C99132752C914FEF632 /* Release */,
			);
			defaultConfigurationIsVisible = 0;
			defaultConfigurationName = Release;
		};
		B032C2933B6D3ACF69B05D8B /* Build configuration list for PBXNativeTarget "UltraWide" */ = {
			isa = XCConfigurationList;
			buildConfigurations = (
				F1627543D40FC0E817CE5B29 /* Debug */,
				CEDEF352759B5ECF7C994AF6 /* Release */,
			);
			defaultConfigurationIsVisible = 0;
			defaultConfigurationName = Release;
		};
/* End XCConfigurationList section */
	};
	rootObject = 98F54143AB4E86B28C3AFEE0 /* Project object */;
}
