// !$*UTF8*$!
{ archiveVersion = 1; classes = {}; objectVersion = 56; objects = {
74FD67F3A7FE14F8396CCB92 = {isa = PBXFileReference; lastKnownFileType = "sourcecode.swift"; path = "UltraWide/App/Models.swift"; sourceTree = SOURCE_ROOT; };
FE1F745F99D2382C451B3C65 = {isa = PBXBuildFile; fileRef = 74FD67F3A7FE14F8396CCB92; };
3578939A3710B7DBFC3DF628 = {isa = PBXFileReference; lastKnownFileType = "sourcecode.swift"; path = "UltraWide/App/UltraWideApp.swift"; sourceTree = SOURCE_ROOT; };
021C901C3AE105CD59F024B5 = {isa = PBXBuildFile; fileRef = 3578939A3710B7DBFC3DF628; };
F127B5B2C71D0FC83E2F2185 = {isa = PBXFileReference; lastKnownFileType = "sourcecode.swift"; path = "UltraWide/Camera/CameraService.swift"; sourceTree = SOURCE_ROOT; };
1728A3E98AA9D7B982BB3093 = {isa = PBXBuildFile; fileRef = F127B5B2C71D0FC83E2F2185; };
3D3B544EABBA0140E9E78AFC = {isa = PBXFileReference; lastKnownFileType = "sourcecode.swift"; path = "UltraWide/Camera/CaptureModel.swift"; sourceTree = SOURCE_ROOT; };
21DBBA4203E58F4AAA897DBF = {isa = PBXBuildFile; fileRef = 3D3B544EABBA0140E9E78AFC; };
E544A91005CB8885F9E318AA = {isa = PBXFileReference; lastKnownFileType = "sourcecode.swift"; path = "UltraWide/Camera/MotionTracker.swift"; sourceTree = SOURCE_ROOT; };
016FC20D6ADFB7F8BBCF80B5 = {isa = PBXBuildFile; fileRef = E544A91005CB8885F9E318AA; };
BE5C08437518E105C14BF480 = {isa = PBXFileReference; lastKnownFileType = "sourcecode.swift"; path = "UltraWide/Camera/SweepTracker.swift"; sourceTree = SOURCE_ROOT; };
D1AA49C1F0A4FEB6ABE51E8A = {isa = PBXBuildFile; fileRef = BE5C08437518E105C14BF480; };
2DE7ABEAD03EDBDDAEB65727 = {isa = PBXFileReference; lastKnownFileType = "sourcecode.swift"; path = "UltraWide/Imaging/DemoScene.swift"; sourceTree = SOURCE_ROOT; };
DA3EDF2C17916093E4B614BE = {isa = PBXBuildFile; fileRef = 2DE7ABEAD03EDBDDAEB65727; };
C8A179F88EC1C64FEFBC6800 = {isa = PBXFileReference; lastKnownFileType = "sourcecode.swift"; path = "UltraWide/Imaging/PanoramaGeometry.swift"; sourceTree = SOURCE_ROOT; };
5B0B6B91ECB8200A6C81B22D = {isa = PBXBuildFile; fileRef = C8A179F88EC1C64FEFBC6800; };
4910F189500E27FC1A9B0679 = {isa = PBXFileReference; lastKnownFileType = "sourcecode.swift"; path = "UltraWide/Imaging/PanoramaStitcher.swift"; sourceTree = SOURCE_ROOT; };
B8A5CDECDD39E059F1F5A5B2 = {isa = PBXBuildFile; fileRef = 4910F189500E27FC1A9B0679; };
8B2339643DC14A5CF27101C1 = {isa = PBXFileReference; lastKnownFileType = "sourcecode.swift"; path = "UltraWide/Library/PanoramaLibrary.swift"; sourceTree = SOURCE_ROOT; };
3B5B6FC8AEDCEF37C2B58BD8 = {isa = PBXBuildFile; fileRef = 8B2339643DC14A5CF27101C1; };
EA86CE708FEE920BC16FE685 = {isa = PBXFileReference; lastKnownFileType = "sourcecode.swift"; path = "UltraWide/Views/CameraPreview.swift"; sourceTree = SOURCE_ROOT; };
DDF0807020BD5958FFE40D3D = {isa = PBXBuildFile; fileRef = EA86CE708FEE920BC16FE685; };
C7E9C453F64772C3798CA264 = {isa = PBXFileReference; lastKnownFileType = "sourcecode.swift"; path = "UltraWide/Views/CameraView.swift"; sourceTree = SOURCE_ROOT; };
D90EB51B34749869B2E2C26E = {isa = PBXBuildFile; fileRef = C7E9C453F64772C3798CA264; };
9BF5BEBF1524C4B23068192B = {isa = PBXFileReference; lastKnownFileType = "sourcecode.swift"; path = "UltraWide/Views/DesignSystem.swift"; sourceTree = SOURCE_ROOT; };
DBE276CE8ECD59B650DE0A41 = {isa = PBXBuildFile; fileRef = 9BF5BEBF1524C4B23068192B; };
D4697639EBE27ABA78C5847A = {isa = PBXFileReference; lastKnownFileType = "sourcecode.swift"; path = "UltraWide/Views/GuideView.swift"; sourceTree = SOURCE_ROOT; };
8A745712D3C9ED8C347378FB = {isa = PBXBuildFile; fileRef = D4697639EBE27ABA78C5847A; };
221C5CC9EDEA124C89C0A672 = {isa = PBXFileReference; lastKnownFileType = "sourcecode.swift"; path = "UltraWide/Views/LibraryView.swift"; sourceTree = SOURCE_ROOT; };
3FF054BEA46F0884CE430E27 = {isa = PBXBuildFile; fileRef = 221C5CC9EDEA124C89C0A672; };
9CF2939306354DFEBC105B6E = {isa = PBXFileReference; lastKnownFileType = "sourcecode.swift"; path = "UltraWide/Views/ResultView.swift"; sourceTree = SOURCE_ROOT; };
13753101FEDF03E2409EF694 = {isa = PBXBuildFile; fileRef = 9CF2939306354DFEBC105B6E; };
D19386D84BC78B5BE5DB962C = {isa = PBXFileReference; lastKnownFileType = "folder.assetcatalog"; path = "UltraWide/Resources/Assets.xcassets"; sourceTree = SOURCE_ROOT; };
3C674E6DAEFC85D2CF4C83C5 = {isa = PBXBuildFile; fileRef = D19386D84BC78B5BE5DB962C; };
75AC744A23345EE033E5C8B3 = {isa = PBXFileReference; lastKnownFileType = "text.xml"; path = "UltraWide/Resources/PrivacyInfo.xcprivacy"; sourceTree = SOURCE_ROOT; };
C78D4F13A255DB8F3ED19A88 = {isa = PBXBuildFile; fileRef = 75AC744A23345EE033E5C8B3; };
48A8EFA6631A641FC407CBFE = {isa = PBXFileReference; lastKnownFileType = "text.plist.xml"; path = "UltraWide/Resources/Info.plist"; sourceTree = SOURCE_ROOT; };
D840989CB8FD10E176902F34 = {isa = PBXGroup; children = (74FD67F3A7FE14F8396CCB92, 3578939A3710B7DBFC3DF628, F127B5B2C71D0FC83E2F2185, 3D3B544EABBA0140E9E78AFC, E544A91005CB8885F9E318AA, BE5C08437518E105C14BF480, 2DE7ABEAD03EDBDDAEB65727, C8A179F88EC1C64FEFBC6800, 4910F189500E27FC1A9B0679, 8B2339643DC14A5CF27101C1, EA86CE708FEE920BC16FE685, C7E9C453F64772C3798CA264, 9BF5BEBF1524C4B23068192B, D4697639EBE27ABA78C5847A, 221C5CC9EDEA124C89C0A672, 9CF2939306354DFEBC105B6E, D19386D84BC78B5BE5DB962C, 75AC744A23345EE033E5C8B3, 48A8EFA6631A641FC407CBFE,); name = "UltraWide"; sourceTree = "<group>"; };
60C5BD3251E428E569E101DC = {isa = PBXSourcesBuildPhase; buildActionMask = 2147483647; files = (FE1F745F99D2382C451B3C65, 021C901C3AE105CD59F024B5, 1728A3E98AA9D7B982BB3093, 21DBBA4203E58F4AAA897DBF, 016FC20D6ADFB7F8BBCF80B5, D1AA49C1F0A4FEB6ABE51E8A, DA3EDF2C17916093E4B614BE, 5B0B6B91ECB8200A6C81B22D, B8A5CDECDD39E059F1F5A5B2, 3B5B6FC8AEDCEF37C2B58BD8, DDF0807020BD5958FFE40D3D, D90EB51B34749869B2E2C26E, DBE276CE8ECD59B650DE0A41, 8A745712D3C9ED8C347378FB, 3FF054BEA46F0884CE430E27, 13753101FEDF03E2409EF694,); runOnlyForDeploymentPostprocessing = 0; };
2268A8D4BE02A19E7F997652 = {isa = PBXResourcesBuildPhase; buildActionMask = 2147483647; files = (3C674E6DAEFC85D2CF4C83C5, C78D4F13A255DB8F3ED19A88,); runOnlyForDeploymentPostprocessing = 0; };
B5EA1A85C9DAFBC7641452A0 = {isa = PBXFrameworksBuildPhase; buildActionMask = 2147483647; files = (); runOnlyForDeploymentPostprocessing = 0; };
34155F4FA25A0ED7F9F62645 = {isa = PBXFileReference; explicitFileType = "wrapper.application"; path = "UltraWide.app"; sourceTree = BUILT_PRODUCTS_DIR; };
F1627543D40FC0E817CE5B29 = {isa = XCBuildConfiguration; buildSettings = {PRODUCT_NAME = "$(TARGET_NAME)"; PRODUCT_BUNDLE_IDENTIFIER = "com.ultrawide.camera"; SWIFT_VERSION = "5.0"; IPHONEOS_DEPLOYMENT_TARGET = "17.0"; TARGETED_DEVICE_FAMILY = "1"; CODE_SIGN_STYLE = "Automatic"; GENERATE_INFOPLIST_FILE = "NO"; SWIFT_STRICT_CONCURRENCY = "targeted"; LD_RUNPATH_SEARCH_PATHS = "$(inherited) @executable_path/Frameworks"; INFOPLIST_FILE = "UltraWide/Resources/Info.plist"; ASSETCATALOG_COMPILER_APPICON_NAME = "AppIcon"; ASSETCATALOG_COMPILER_GLOBAL_ACCENT_COLOR_NAME = "AccentColor"; MARKETING_VERSION = "1.0"; CURRENT_PROJECT_VERSION = "1"; SUPPORTS_MACCATALYST = "NO"; SUPPORTS_XR_DESIGNED_FOR_IPHONE_IPAD = "NO"; SUPPORTS_MAC_DESIGNED_FOR_IPHONE_IPAD = "NO"; SWIFT_ACTIVE_COMPILATION_CONDITIONS = "DEBUG $(inherited)";}; name = Debug; };
CEDEF352759B5ECF7C994AF6 = {isa = XCBuildConfiguration; buildSettings = {PRODUCT_NAME = "$(TARGET_NAME)"; PRODUCT_BUNDLE_IDENTIFIER = "com.ultrawide.camera"; SWIFT_VERSION = "5.0"; IPHONEOS_DEPLOYMENT_TARGET = "17.0"; TARGETED_DEVICE_FAMILY = "1"; CODE_SIGN_STYLE = "Automatic"; GENERATE_INFOPLIST_FILE = "NO"; SWIFT_STRICT_CONCURRENCY = "targeted"; LD_RUNPATH_SEARCH_PATHS = "$(inherited) @executable_path/Frameworks"; INFOPLIST_FILE = "UltraWide/Resources/Info.plist"; ASSETCATALOG_COMPILER_APPICON_NAME = "AppIcon"; ASSETCATALOG_COMPILER_GLOBAL_ACCENT_COLOR_NAME = "AccentColor"; MARKETING_VERSION = "1.0"; CURRENT_PROJECT_VERSION = "1"; SUPPORTS_MACCATALYST = "NO"; SUPPORTS_XR_DESIGNED_FOR_IPHONE_IPAD = "NO"; SUPPORTS_MAC_DESIGNED_FOR_IPHONE_IPAD = "NO";}; name = Release; };
B032C2933B6D3ACF69B05D8B = {isa = XCConfigurationList; buildConfigurations = (F1627543D40FC0E817CE5B29, CEDEF352759B5ECF7C994AF6,); defaultConfigurationIsVisible = 0; defaultConfigurationName = Release; };
3C9B698F2ADD6A10CC5A3ABC = {isa = PBXNativeTarget; buildConfigurationList = B032C2933B6D3ACF69B05D8B; buildPhases = (60C5BD3251E428E569E101DC, B5EA1A85C9DAFBC7641452A0, 2268A8D4BE02A19E7F997652,); buildRules = (); dependencies = (); name = "UltraWide"; productName = "UltraWide"; productReference = 34155F4FA25A0ED7F9F62645; productType = "com.apple.product-type.application"; };
9BC6DC7EF11318117935A116 = {isa = PBXFileReference; lastKnownFileType = "sourcecode.swift"; path = "UltraWideTests/PanoramaTests.swift"; sourceTree = SOURCE_ROOT; };
35E0D48C249E80B5FB04CC44 = {isa = PBXBuildFile; fileRef = 9BC6DC7EF11318117935A116; };
D68E798FAB29CAAF4506984A = {isa = PBXGroup; children = (9BC6DC7EF11318117935A116,); name = "UltraWideTests"; sourceTree = "<group>"; };
A46A3E406537D1827F8ECB46 = {isa = PBXSourcesBuildPhase; buildActionMask = 2147483647; files = (35E0D48C249E80B5FB04CC44,); runOnlyForDeploymentPostprocessing = 0; };
D693426CA0894E414DA4FE08 = {isa = PBXResourcesBuildPhase; buildActionMask = 2147483647; files = (); runOnlyForDeploymentPostprocessing = 0; };
C14723A11385BDB1E5410C1A = {isa = PBXFrameworksBuildPhase; buildActionMask = 2147483647; files = (); runOnlyForDeploymentPostprocessing = 0; };
B2E376B7A88AF95E3E24BF02 = {isa = PBXFileReference; explicitFileType = "wrapper.cfbundle"; path = "UltraWideTests.xctest"; sourceTree = BUILT_PRODUCTS_DIR; };
7A7C74708E6F7D9E71F5A9B1 = {isa = XCBuildConfiguration; buildSettings = {PRODUCT_NAME = "$(TARGET_NAME)"; PRODUCT_BUNDLE_IDENTIFIER = "com.ultrawide.ultrawidetests"; SWIFT_VERSION = "5.0"; IPHONEOS_DEPLOYMENT_TARGET = "17.0"; TARGETED_DEVICE_FAMILY = "1"; CODE_SIGN_STYLE = "Automatic"; GENERATE_INFOPLIST_FILE = "YES"; SWIFT_STRICT_CONCURRENCY = "targeted"; LD_RUNPATH_SEARCH_PATHS = "$(inherited) @executable_path/Frameworks"; TEST_HOST = "$(BUILT_PRODUCTS_DIR)/UltraWide.app/$(BUNDLE_EXECUTABLE_FOLDER_PATH)/UltraWide"; BUNDLE_LOADER = "$(TEST_HOST)"; SWIFT_ACTIVE_COMPILATION_CONDITIONS = "DEBUG $(inherited)";}; name = Debug; };
E41486E196CB6F7710B86379 = {isa = XCBuildConfiguration; buildSettings = {PRODUCT_NAME = "$(TARGET_NAME)"; PRODUCT_BUNDLE_IDENTIFIER = "com.ultrawide.ultrawidetests"; SWIFT_VERSION = "5.0"; IPHONEOS_DEPLOYMENT_TARGET = "17.0"; TARGETED_DEVICE_FAMILY = "1"; CODE_SIGN_STYLE = "Automatic"; GENERATE_INFOPLIST_FILE = "YES"; SWIFT_STRICT_CONCURRENCY = "targeted"; LD_RUNPATH_SEARCH_PATHS = "$(inherited) @executable_path/Frameworks"; TEST_HOST = "$(BUILT_PRODUCTS_DIR)/UltraWide.app/$(BUNDLE_EXECUTABLE_FOLDER_PATH)/UltraWide"; BUNDLE_LOADER = "$(TEST_HOST)";}; name = Release; };
1873624D9EFCA61E6171E2EC = {isa = XCConfigurationList; buildConfigurations = (7A7C74708E6F7D9E71F5A9B1, E41486E196CB6F7710B86379,); defaultConfigurationIsVisible = 0; defaultConfigurationName = Release; };
7CD316AD6A14B105936BD2F7 = {isa = PBXContainerItemProxy; containerPortal = 98F54143AB4E86B28C3AFEE0; proxyType = 1; remoteGlobalIDString = 3C9B698F2ADD6A10CC5A3ABC; remoteInfo = UltraWide; };
9FA572508B58A87EE5DD8436 = {isa = PBXTargetDependency; target = 3C9B698F2ADD6A10CC5A3ABC; targetProxy = 7CD316AD6A14B105936BD2F7; };
B1F8AEF7EFA296ACB78DA916 = {isa = PBXNativeTarget; buildConfigurationList = 1873624D9EFCA61E6171E2EC; buildPhases = (A46A3E406537D1827F8ECB46, C14723A11385BDB1E5410C1A, D693426CA0894E414DA4FE08,); buildRules = (); dependencies = (9FA572508B58A87EE5DD8436,); name = "UltraWideTests"; productName = "UltraWideTests"; productReference = B2E376B7A88AF95E3E24BF02; productType = "com.apple.product-type.bundle.unit-test"; };
D90E14A7DF7519F5E632106E = {isa = PBXFileReference; lastKnownFileType = "sourcecode.swift"; path = "UltraWideUITests/CaptureFlowTests.swift"; sourceTree = SOURCE_ROOT; };
1307E39A6851DFC8B130766C = {isa = PBXBuildFile; fileRef = D90E14A7DF7519F5E632106E; };
76B251D67ADF7D8283BFD5C7 = {isa = PBXGroup; children = (D90E14A7DF7519F5E632106E,); name = "UltraWideUITests"; sourceTree = "<group>"; };
04D79E8901FCEC78BB8B5438 = {isa = PBXSourcesBuildPhase; buildActionMask = 2147483647; files = (1307E39A6851DFC8B130766C,); runOnlyForDeploymentPostprocessing = 0; };
1E928CCFC11CB49C1260E543 = {isa = PBXResourcesBuildPhase; buildActionMask = 2147483647; files = (); runOnlyForDeploymentPostprocessing = 0; };
2D1BFDB886711186C659341F = {isa = PBXFrameworksBuildPhase; buildActionMask = 2147483647; files = (); runOnlyForDeploymentPostprocessing = 0; };
E5DEBBA823109CC2482F7F81 = {isa = PBXFileReference; explicitFileType = "wrapper.cfbundle"; path = "UltraWideUITests.xctest"; sourceTree = BUILT_PRODUCTS_DIR; };
5A9016527093981A42AB591E = {isa = XCBuildConfiguration; buildSettings = {PRODUCT_NAME = "$(TARGET_NAME)"; PRODUCT_BUNDLE_IDENTIFIER = "com.ultrawide.ultrawideuitests"; SWIFT_VERSION = "5.0"; IPHONEOS_DEPLOYMENT_TARGET = "17.0"; TARGETED_DEVICE_FAMILY = "1"; CODE_SIGN_STYLE = "Automatic"; GENERATE_INFOPLIST_FILE = "YES"; SWIFT_STRICT_CONCURRENCY = "targeted"; LD_RUNPATH_SEARCH_PATHS = "$(inherited) @executable_path/Frameworks"; TEST_TARGET_NAME = "UltraWide"; SWIFT_ACTIVE_COMPILATION_CONDITIONS = "DEBUG $(inherited)";}; name = Debug; };
7A57F5741E8F8E9D2B03BD92 = {isa = XCBuildConfiguration; buildSettings = {PRODUCT_NAME = "$(TARGET_NAME)"; PRODUCT_BUNDLE_IDENTIFIER = "com.ultrawide.ultrawideuitests"; SWIFT_VERSION = "5.0"; IPHONEOS_DEPLOYMENT_TARGET = "17.0"; TARGETED_DEVICE_FAMILY = "1"; CODE_SIGN_STYLE = "Automatic"; GENERATE_INFOPLIST_FILE = "YES"; SWIFT_STRICT_CONCURRENCY = "targeted"; LD_RUNPATH_SEARCH_PATHS = "$(inherited) @executable_path/Frameworks"; TEST_TARGET_NAME = "UltraWide";}; name = Release; };
376523A73B00F2FB6B740578 = {isa = XCConfigurationList; buildConfigurations = (5A9016527093981A42AB591E, 7A57F5741E8F8E9D2B03BD92,); defaultConfigurationIsVisible = 0; defaultConfigurationName = Release; };
B99FF8470F21B57E13466C75 = {isa = PBXContainerItemProxy; containerPortal = 98F54143AB4E86B28C3AFEE0; proxyType = 1; remoteGlobalIDString = 3C9B698F2ADD6A10CC5A3ABC; remoteInfo = UltraWide; };
69395919B0F8BCA27D3486DA = {isa = PBXTargetDependency; target = 3C9B698F2ADD6A10CC5A3ABC; targetProxy = B99FF8470F21B57E13466C75; };
C95B93EA44CB419CD270920B = {isa = PBXNativeTarget; buildConfigurationList = 376523A73B00F2FB6B740578; buildPhases = (04D79E8901FCEC78BB8B5438, 2D1BFDB886711186C659341F, 1E928CCFC11CB49C1260E543,); buildRules = (); dependencies = (69395919B0F8BCA27D3486DA,); name = "UltraWideUITests"; productName = "UltraWideUITests"; productReference = E5DEBBA823109CC2482F7F81; productType = "com.apple.product-type.bundle.ui-testing"; };
FBDC4F23F93125BBEEAE800C = {isa = PBXGroup; children = (34155F4FA25A0ED7F9F62645, B2E376B7A88AF95E3E24BF02, E5DEBBA823109CC2482F7F81,); name = Products; sourceTree = "<group>"; };
B28B7AF69320201D1CF206EB = {isa = PBXGroup; children = (D840989CB8FD10E176902F34, D68E798FAB29CAAF4506984A, 76B251D67ADF7D8283BFD5C7, FBDC4F23F93125BBEEAE800C,); sourceTree = "<group>"; };
89E1FD6268CC0F221A2BE178 = {isa = XCBuildConfiguration; buildSettings = {SDKROOT = "iphoneos"; CLANG_ENABLE_MODULES = "YES"; CLANG_ENABLE_OBJC_ARC = "YES"; SWIFT_OPTIMIZATION_LEVEL = "-Onone"; ENABLE_TESTABILITY = "YES"; DEBUG_INFORMATION_FORMAT = "dwarf";}; name = Debug; };
E6DE6C99132752C914FEF632 = {isa = XCBuildConfiguration; buildSettings = {SDKROOT = "iphoneos"; CLANG_ENABLE_MODULES = "YES"; CLANG_ENABLE_OBJC_ARC = "YES"; SWIFT_OPTIMIZATION_LEVEL = "-O"; ENABLE_TESTABILITY = "NO"; DEBUG_INFORMATION_FORMAT = "dwarf-with-dsym";}; name = Release; };
862894B703A6DEDF96A9DD6C = {isa = XCConfigurationList; buildConfigurations = (89E1FD6268CC0F221A2BE178, E6DE6C99132752C914FEF632,); defaultConfigurationIsVisible = 0; defaultConfigurationName = Release; };
98F54143AB4E86B28C3AFEE0 = {isa = PBXProject; attributes = {BuildIndependentTargetsInParallel = YES; LastUpgradeCheck = 2700; }; buildConfigurationList = 862894B703A6DEDF96A9DD6C; compatibilityVersion = "Xcode 14.0"; developmentRegion = fr; knownRegions = (fr, en, Base); mainGroup = B28B7AF69320201D1CF206EB; productRefGroup = FBDC4F23F93125BBEEAE800C; projectDirPath = ""; projectRoot = ""; targets = (3C9B698F2ADD6A10CC5A3ABC, B1F8AEF7EFA296ACB78DA916, C95B93EA44CB419CD270920B,); };
}; rootObject = 98F54143AB4E86B28C3AFEE0; }
